
Microsoft Visual Studio Solution File, Format Version 12.00
# Visual Studio 15
VisualStudioVersion = 15.0.27004.2006
MinimumVisualStudioVersion = 10.0.40219.1
Project("{9A19103F-16F7-4668-BE54-9A1E7A4F7556}") = "Order", "Order\Order.csproj", "{8C5B18FF-32C1-47B9-8FE5-59EA1C9A09D4}"
EndProject
Project("{9A19103F-16F7-4668-BE54-9A1E7A4F7556}") = "Identity", "Identity\Identity.csproj", "{67F37000-FA89-4533-9869-6B43AEBC781E}"
EndProject
Project("{9A19103F-16F7-4668-BE54-9A1E7A4F7556}") = "Common", "Common\Common.csproj", "{6AF1FB09-0C1C-4678-9F9D-B32F181E61FF}"
EndProject
Project("{9A19103F-16F7-4668-BE54-9A1E7A4F7556}") = "User", "User\User.csproj", "{913405C2-DB8D-4C85-AD4D-3BC454EE8964}"
EndProject
Project("{9A19103F-16F7-4668-BE54-9A1E7A4F7556}") = "IdentityServer4.AccessTokenValidation", "IdentityServer4.AccessTokenValidation\IdentityServer4.AccessTokenValidation.csproj", "{B6CD2AD5-8E5D-433E-ADCB-9567D9D3CD6E}"
EndProject
Project("{2150E333-8FDC-42A3-9474-1A3956D46DE8}") = "source", "source", "{9650E67C-B4C6-4874-8FE4-F0A406E308D4}"
EndProject
Project("{9A19103F-16F7-4668-BE54-9A1E7A4F7556}") = "IdentityModel.AspNetCore.OAuth2Introspection", "IdentityModel.AspNetCore.OAuth2Introspection\IdentityModel.AspNetCore.OAuth2Introspection.csproj", "{334EA8E0-9C59-43BB-B030-1E3E96F108F9}"
EndProject
Project("{9A19103F-16F7-4668-BE54-9A1E7A4F7556}") = "IdentityModel", "IdentityModel\IdentityModel.csproj", "{D96D87E6-C13B-4F33-B8B5-0EDC5EF6D29B}"
EndProject
Global
	GlobalSection(SolutionConfigurationPlatforms) = preSolution
		Debug|Any CPU = Debug|Any CPU
		Release|Any CPU = Release|Any CPU
	EndGlobalSection
	GlobalSection(ProjectConfigurationPlatforms) = postSolution
		{8C5B18FF-32C1-47B9-8FE5-59EA1C9A09D4}.Debug|Any CPU.ActiveCfg = Debug|Any CPU
		{8C5B18FF-32C1-47B9-8FE5-59EA1C9A09D4}.Debug|Any CPU.Build.0 = Debug|Any CPU
		{8C5B18FF-32C1-47B9-8FE5-59EA1C9A09D4}.Release|Any CPU.ActiveCfg = Release|Any CPU
		{8C5B18FF-32C1-47B9-8FE5-59EA1C9A09D4}.Release|Any CPU.Build.0 = Release|Any CPU
		{67F37000-FA89-4533-9869-6B43AEBC781E}.Debug|Any CPU.ActiveCfg = Debug|Any CPU
		{67F37000-FA89-4533-9869-6B43AEBC781E}.Debug|Any CPU.Build.0 = Debug|Any CPU
		{67F37000-FA89-4533-9869-6B43AEBC781E}.Release|Any CPU.ActiveCfg = Release|Any CPU
		{67F37000-FA89-4533-9869-6B43AEBC781E}.Release|Any CPU.Build.0 = Release|Any CPU
		{6AF1FB09-0C1C-4678-9F9D-B32F181E61FF}.Debug|Any CPU.ActiveCfg = Debug|Any CPU
		{6AF1FB09-0C1C-4678-9F9D-B32F181E61FF}.Debug|Any CPU.Build.0 = Debug|Any CPU
		{6AF1FB09-0C1C-4678-9F9D-B32F181E61FF}.Release|Any CPU.ActiveCfg = Release|Any CPU
		{6AF1FB09-0C1C-4678-9F9D-B32F181E61FF}.Release|Any CPU.Build.0 = Release|Any CPU
		{913405C2-DB8D-4C85-AD4D-3BC454EE8964}.Debug|Any CPU.ActiveCfg = Debug|Any CPU
		{913405C2-DB8D-4C85-AD4D-3BC454EE8964}.Debug|Any CPU.Build.0 = Debug|Any CPU
		{913405C2-DB8D-4C85-AD4D-3BC454EE8964}.Release|Any CPU.ActiveCfg = Release|Any CPU
		{913405C2-DB8D-4C85-AD4D-3BC454EE8964}.Release|Any CPU.Build.0 = Release|Any CPU
		{B6CD2AD5-8E5D-433E-ADCB-9567D9D3CD6E}.Debug|Any CPU.ActiveCfg = Debug|Any CPU
		{B6CD2AD5-8E5D-433E-ADCB-9567D9D3CD6E}.Debug|Any CPU.Build.0 = Debug|Any CPU
		{B6CD2AD5-8E5D-433E-ADCB-9567D9D3CD6E}.Release|Any CPU.ActiveCfg = Release|Any CPU
		{B6CD2AD5-8E5D-433E-ADCB-9567D9D3CD6E}.Release|Any CPU.Build.0 = Release|Any CPU
		{334EA8E0-9C59-43BB-B030-1E3E96F108F9}.Debug|Any CPU.ActiveCfg = Debug|Any CPU
		{334EA8E0-9C59-43BB-B030-1E3E96F108F9}.Debug|Any CPU.Build.0 = Debug|Any CPU
		{334EA8E0-9C59-43BB-B030-1E3E96F108F9}.Release|Any CPU.ActiveCfg = Release|Any CPU
		{334EA8E0-9C59-43BB-B030-1E3E96F108F9}.Release|Any CPU.Build.0 = Release|Any CPU
		{D96D87E6-C13B-4F33-B8B5-0EDC5EF6D29B}.Debug|Any CPU.ActiveCfg = Debug|Any CPU
		{D96D87E6-C13B-4F33-B8B5-0EDC5EF6D29B}.Debug|Any CPU.Build.0 = Debug|Any CPU
		{D96D87E6-C13B-4F33-B8B5-0EDC5EF6D29B}.Release|Any CPU.ActiveCfg = Release|Any CPU
		{D96D87E6-C13B-4F33-B8B5-0EDC5EF6D29B}.Release|Any CPU.Build.0 = Release|Any CPU
	EndGlobalSection
	GlobalSection(SolutionProperties) = preSolution
		HideSolutionNode = FALSE
	EndGlobalSection
	GlobalSection(NestedProjects) = preSolution
		{B6CD2AD5-8E5D-433E-ADCB-9567D9D3CD6E} = {9650E67C-B4C6-4874-8FE4-F0A406E308D4}
		{334EA8E0-9C59-43BB-B030-1E3E96F108F9} = {9650E67C-B4C6-4874-8FE4-F0A406E308D4}
		{D96D87E6-C13B-4F33-B8B5-0EDC5EF6D29B} = {9650E67C-B4C6-4874-8FE4-F0A406E308D4}
	EndGlobalSection
	GlobalSection(ExtensibilityGlobals) = postSolution
		SolutionGuid = {70E8C500-971B-48B2-AC85-808BA6DC9256}
	EndGlobalSection
EndGlobal
