
Microsoft Visual Studio Solution File, Format Version 12.00
# Visual Studio 2013
VisualStudioVersion = 12.0.0.0
MinimumVisualStudioVersion = 10.0.0.1
Project("{FAE04EC0-301F-11D3-BF4B-00C04F79EFBC}") = "Order", "Order/Order.csproj", "{E97A03FF-450A-4DC6-90D4-0F79E3CAAAC5}"
EndProject
Global
	GlobalSection(SolutionConfigurationPlatforms) = preSolution
		Debug|Any CPU = Debug|Any CPU
		Release|Any CPU = Release|Any CPU
	EndGlobalSection
	GlobalSection(ProjectConfigurationPlatforms) = postSolution
		{E97A03FF-450A-4DC6-90D4-0F79E3CAAAC5}.Debug|Any CPU.ActiveCfg = Debug|Any CPU
		{E97A03FF-450A-4DC6-90D4-0F79E3CAAAC5}.Debug|Any CPU.Build.0 = Debug|Any CPU
		{E97A03FF-450A-4DC6-90D4-0F79E3CAAAC5}.Release|Any CPU.ActiveCfg = Release|Any CPU
		{E97A03FF-450A-4DC6-90D4-0F79E3CAAAC5}.Release|Any CPU.Build.0 = Release|Any CPU
	EndGlobalSection
	GlobalSection(SolutionProperties) = preSolution
		HideSolutionNode = FALSE
	EndGlobalSection
EndGlobal
